<?xml version="1.0" encoding="utf-8"?>
<Project ToolsVersion="4.0" xmlns="http://schemas.microsoft.com/developer/msbuild/2003">
  <ItemGroup>
    <Filter Include="Source Files">
      <UniqueIdentifier>{4FC737F1-C7A5-4376-A066-2A32D752A2FF}</UniqueIdentifier>
      <Extensions>cpp;c;cc;cxx;def;odl;idl;hpj;bat;asm;asmx</Extensions>
    </Filter>
    <Filter Include="Header Files">
      <UniqueIdentifier>{93995380-89BD-4b04-88EB-625FBE52EBFB}</UniqueIdentifier>
      <Extensions>h;hpp;hxx;hm;inl;inc;xsd</Extensions>
    </Filter>
    <Filter Include="Resource Files">
      <UniqueIdentifier>{67DA6AB6-F800-4c08-8B7A-83BB121AAD01}</UniqueIdentifier>
      <Extensions>rc;ico;cur;bmp;dlg;rc2;rct;bin;rgs;gif;jpg;jpeg;jpe;resx;tiff;tif;png;wav;mfcribbon-ms</Extensions>
    </Filter>
    <Filter Include="Source Files\Common">
      <UniqueIdentifier>{6f9648b4-cc05-49bb-a1f5-797c14ed0eb7}</UniqueIdentifier>
    </Filter>
    <Filter Include="Source Files\Game">
      <UniqueIdentifier>{41b584f0-5a33-4000-9c88-ced22645938c}</UniqueIdentifier>
    </Filter>
    <Filter Include="Source Files\Renderer">
      <UniqueIdentifier>{006b0c80-0a9a-473d-a080-4c3454cdb8a7}</UniqueIdentifier>
    </Filter>
    <Filter Include="Source Files\Base">
      <UniqueIdentifier>{52df6843-b067-48f0-b379-fd1c01d7586b}</UniqueIdentifier>
    </Filter>
    <Filter Include="Source Files\ShootingGallGame">
      <UniqueIdentifier>{2c74c19c-603b-48d9-8eae-d18b28e7e76b}</UniqueIdentifier>
    </Filter>
  </ItemGroup>
  <ItemGroup>
    <ClCompile Include="Vector2.cpp">
      <Filter>Source Files\Common</Filter>
    </ClCompile>
    <ClCompile Include="Vector3.cpp">
      <Filter>Source Files\Common</Filter>
    </ClCompile>
    <ClCompile Include="constants.cpp">
      <Filter>Source Files\Game</Filter>
    </ClCompile>
    <ClCompile Include="game.cpp">
      <Filter>Source Files\Game</Filter>
    </ClCompile>
    <ClCompile Include="gameObject.cpp">
      <Filter>Source Files\Game</Filter>
    </ClCompile>
    <ClCompile Include="uiButton.cpp">
      <Filter>Source Files\Game</Filter>
    </ClCompile>
    <ClCompile Include="uiElement.cpp">
      <Filter>Source Files\Game</Filter>
    </ClCompile>
    <ClCompile Include="uiListMenu.cpp">
      <Filter>Source Files\Game</Filter>
    </ClCompile>
    <ClCompile Include="2dSprite.cpp">
      <Filter>Source Files\Renderer</Filter>
    </ClCompile>
    <ClCompile Include="camera.cpp">
      <Filter>Source Files\Renderer</Filter>
    </ClCompile>
    <ClCompile Include="renderer.cpp">
      <Filter>Source Files\Renderer</Filter>
    </ClCompile>
    <ClCompile Include="spriteManager.cpp">
      <Filter>Source Files\Renderer</Filter>
    </ClCompile>
    <ClCompile Include="Text.cpp">
      <Filter>Source Files\Renderer</Filter>
    </ClCompile>
    <ClCompile Include="TextManager.cpp">
      <Filter>Source Files\Renderer</Filter>
    </ClCompile>
    <ClCompile Include="inputListener.cpp">
      <Filter>Source Files\Base</Filter>
    </ClCompile>
    <ClCompile Include="inputManager.cpp">
      <Filter>Source Files\Base</Filter>
    </ClCompile>
    <ClCompile Include="MessageHandler.cpp">
      <Filter>Source Files\Base</Filter>
    </ClCompile>
    <ClCompile Include="Util.cpp">
      <Filter>Source Files\Base</Filter>
    </ClCompile>
    <ClCompile Include="main.cpp">
      <Filter>Source Files\ShootingGallGame</Filter>
    </ClCompile>
    <ClCompile Include="ShootingGalleryGame.cpp">
      <Filter>Source Files\ShootingGallGame</Filter>
    </ClCompile>
    <ClCompile Include="Target.cpp">
      <Filter>Source Files\ShootingGallGame</Filter>
    </ClCompile>
  </ItemGroup>
  <ItemGroup>
    <ClInclude Include="common.h">
      <Filter>Source Files\Common</Filter>
    </ClInclude>
    <ClInclude Include="MyMath.h">
      <Filter>Source Files\Common</Filter>
    </ClInclude>
    <ClInclude Include="Vector2.h">
      <Filter>Source Files\Common</Filter>
    </ClInclude>
    <ClInclude Include="Vector3.h">
      <Filter>Source Files\Common</Filter>
    </ClInclude>
    <ClInclude Include="constants.h">
      <Filter>Source Files\Game</Filter>
    </ClInclude>
    <ClInclude Include="game.h">
      <Filter>Source Files\Game</Filter>
    </ClInclude>
    <ClInclude Include="gameObject.h">
      <Filter>Source Files\Game</Filter>
    </ClInclude>
    <ClInclude Include="uiButton.h">
      <Filter>Source Files\Game</Filter>
    </ClInclude>
    <ClInclude Include="uiElement.h">
      <Filter>Source Files\Game</Filter>
    </ClInclude>
    <ClInclude Include="uiListMenu.h">
      <Filter>Source Files\Game</Filter>
    </ClInclude>
    <ClInclude Include="2dSprite.h">
      <Filter>Source Files\Renderer</Filter>
    </ClInclude>
    <ClInclude Include="camera.h">
      <Filter>Source Files\Renderer</Filter>
    </ClInclude>
    <ClInclude Include="renderer.h">
      <Filter>Source Files\Renderer</Filter>
    </ClInclude>
    <ClInclude Include="spriteManager.h">
      <Filter>Source Files\Renderer</Filter>
    </ClInclude>
    <ClInclude Include="Text.h">
      <Filter>Source Files\Renderer</Filter>
    </ClInclude>
    <ClInclude Include="TextManager.h">
      <Filter>Source Files\Renderer</Filter>
    </ClInclude>
    <ClInclude Include="inputListener.h">
      <Filter>Source Files\Base</Filter>
    </ClInclude>
    <ClInclude Include="inputManager.h">
      <Filter>Source Files\Base</Filter>
    </ClInclude>
    <ClInclude Include="MessageHandler.h">
      <Filter>Source Files\Base</Filter>
    </ClInclude>
    <ClInclude Include="MessageListener.h">
      <Filter>Source Files\Base</Filter>
    </ClInclude>
    <ClInclude Include="Util.h">
      <Filter>Source Files\Base</Filter>
    </ClInclude>
    <ClInclude Include="ShootingGalleryGame.h">
      <Filter>Source Files\ShootingGallGame</Filter>
    </ClInclude>
    <ClInclude Include="Target.h">
      <Filter>Source Files\ShootingGallGame</Filter>
    </ClInclude>
    <ClInclude Include="ShootingGameConstants.h">
      <Filter>Source Files\ShootingGallGame</Filter>
    </ClInclude>
  </ItemGroup>
</Project>